
Microsoft Visual Studio Solution File, Format Version 12.00
# Visual Studio Version 17
VisualStudioVersion = 17.9.34728.123
MinimumVisualStudioVersion = 10.0.40219.1
Project("{9A19103F-16F7-4668-BE54-9A1E7A4F7556}") = "ex07_EmployeeMngApp", "ex07_EmployeeMngApp\ex07_EmployeeMngApp.csproj", "{D45A690B-C39A-4C81-B1B4-E9F615832EBC}"
EndProject
Project("{FAE04EC0-301F-11D3-BF4B-00C04F79EFBC}") = "ex10_MovieFinder2024", "ex10_MovieFinder2024\ex10_MovieFinder2024.csproj", "{2D5594D7-3743-4A5B-B9A5-54E1DE6A2CAC}"
EndProject
Global
	GlobalSection(SolutionConfigurationPlatforms) = preSolution
		Debug|Any CPU = Debug|Any CPU
		Release|Any CPU = Release|Any CPU
	EndGlobalSection
	GlobalSection(ProjectConfigurationPlatforms) = postSolution
		{D45A690B-C39A-4C81-B1B4-E9F615832EBC}.Debug|Any CPU.ActiveCfg = Debug|Any CPU
		{D45A690B-C39A-4C81-B1B4-E9F615832EBC}.Debug|Any CPU.Build.0 = Debug|Any CPU
		{D45A690B-C39A-4C81-B1B4-E9F615832EBC}.Release|Any CPU.ActiveCfg = Release|Any CPU
		{D45A690B-C39A-4C81-B1B4-E9F615832EBC}.Release|Any CPU.Build.0 = Release|Any CPU
		{2D5594D7-3743-4A5B-B9A5-54E1DE6A2CAC}.Debug|Any CPU.ActiveCfg = Debug|Any CPU
		{2D5594D7-3743-4A5B-B9A5-54E1DE6A2CAC}.Debug|Any CPU.Build.0 = Debug|Any CPU
		{2D5594D7-3743-4A5B-B9A5-54E1DE6A2CAC}.Release|Any CPU.ActiveCfg = Release|Any CPU
		{2D5594D7-3743-4A5B-B9A5-54E1DE6A2CAC}.Release|Any CPU.Build.0 = Release|Any CPU
	EndGlobalSection
	GlobalSection(SolutionProperties) = preSolution
		HideSolutionNode = FALSE
	EndGlobalSection
	GlobalSection(ExtensibilityGlobals) = postSolution
		SolutionGuid = {80E1BA8F-AD6E-4658-A975-0E9A37E2B501}
	EndGlobalSection
EndGlobal
